// !$*UTF8*$!
{
	archiveVersion = 1;
	classes = {
	};
	objectVersion = 50;
	objects = {

/* Begin PBXBuildFile section */
		877B91BF2591F6C700D974C4 /* AppDelegate.swift in Sources */ = {isa = PBXBuildFile; fileRef = 877B91BE2591F6C700D974C4 /* AppDelegate.swift */; };
		877B91C12591F6C700D974C4 /* SceneDelegate.swift in Sources */ = {isa = PBXBuildFile; fileRef = 877B91C02591F6C700D974C4 /* SceneDelegate.swift */; };
		877B91C32591F6C700D974C4 /* ViewController.swift in Sources */ = {isa = PBXBuildFile; fileRef = 877B91C22591F6C700D974C4 /* ViewController.swift */; };
		877B91C62591F6C700D974C4 /* Main.storyboard in Resources */ = {isa = PBXBuildFile; fileRef = 877B91C42591F6C700D974C4 /* Main.storyboard */; };
		877B91C82591F6CA00D974C4 /* Assets.xcassets in Resources */ = {isa = PBXBuildFile; fileRef = 877B91C72591F6CA00D974C4 /* Assets.xcassets */; };
		877B91CB2591F6CA00D974C4 /* LaunchScreen.storyboard in Resources */ = {isa = PBXBuildFile; fileRef = 877B91C92591F6CA00D974C4 /* LaunchScreen.storyboard */; };
		877B91D62591F6CA00D974C4 /* JSONDownloadTests.swift in Sources */ = {isa = PBXBuildFile; fileRef = 877B91D52591F6CA00D974C4 /* JSONDownloadTests.swift */; };
		877B91E12591F6CA00D974C4 /* JSONDownloadUITests.swift in Sources */ = {isa = PBXBuildFile; fileRef = 877B91E02591F6CA00D974C4 /* JSONDownloadUITests.swift */; };
/* End PBXBuildFile section */

/* Begin PBXContainerItemProxy section */
		877B91D22591F6CA00D974C4 /* PBXContainerItemProxy */ = {
			isa = PBXContainerItemProxy;
			containerPortal = 877B91B32591F6C700D974C4 /* Project object */;
			proxyType = 1;
			remoteGlobalIDString = 877B91BA2591F6C700D974C4;
			remoteInfo = JSONDownload;
		};
		877B91DD2591F6CA00D974C4 /* PBXContainerItemProxy */ = {
			isa = PBXContainerItemProxy;
			containerPortal = 877B91B32591F6C700D974C4 /* Project object */;
			proxyType = 1;
			remoteGlobalIDString = 877B91BA2591F6C700D974C4;
			remoteInfo = JSONDownload;
		};
/* End PBXContainerItemProxy section */

/* Begin PBXFileReference section */
		877B91BB2591F6C700D974C4 /* JSONDownload.app */ = {isa = PBXFileReference; explicitFileType = wrapper.application; includeInIndex = 0; path = JSONDownload.app; sourceTree = BUILT_PRODUCTS_DIR; };
		877B91BE2591F6C700D974C4 /* AppDelegate.swift */ = {isa = PBXFileReference; lastKnownFileType = sourcecode.swift; path = AppDelegate.swift; sourceTree = "<group>"; };
		877B91C02591F6C700D974C4 /* SceneDelegate.swift */ = {isa = PBXFileReference; lastKnownFileType = sourcecode.swift; path = SceneDelegate.swift; sourceTree = "<group>"; };
		877B91C22591F6C700D974C4 /* ViewController.swift */ = {isa = PBXFileReference; lastKnownFileType = sourcecode.swift; path = ViewController.swift; sourceTree = "<group>"; };
		877B91C52591F6C700D974C4 /* Base */ = {isa = PBXFileReference; lastKnownFileType = file.storyboard; name = Base; path = Base.lproj/Main.storyboard; sourceTree = "<group>"; };
		877B91C72591F6CA00D974C4 /* Assets.xcassets */ = {isa = PBXFileReference; lastKnownFileType = folder.assetcatalog; path = Assets.xcassets; sourceTree = "<group>"; };
		877B91CA2591F6CA00D974C4 /* Base */ = {isa = PBXFileReference; lastKnownFileType = file.storyboard; name = Base; path = Base.lproj/LaunchScreen.storyboard; sourceTree = "<group>"; };
		877B91CC2591F6CA00D974C4 /* Info.plist */ = {isa = PBXFileReference; lastKnownFileType = text.plist.xml; path = Info.plist; sourceTree = "<group>"; };
		877B91D12591F6CA00D974C4 /* JSONDownloadTests.xctest */ = {isa = PBXFileReference; explicitFileType = wrapper.cfbundle; includeInIndex = 0; path = JSONDownloadTests.xctest; sourceTree = BUILT_PRODUCTS_DIR; };
		877B91D52591F6CA00D974C4 /* JSONDownloadTests.swift */ = {isa = PBXFileReference; lastKnownFileType = sourcecode.swift; path = JSONDownloadTests.swift; sourceTree = "<group>"; };
		877B91D72591F6CA00D974C4 /* Info.plist */ = {isa = PBXFileReference; lastKnownFileType = text.plist.xml; path = Info.plist; sourceTree = "<group>"; };
		877B91DC2591F6CA00D974C4 /* JSONDownloadUITests.xctest */ = {isa = PBXFileReference; explicitFileType = wrapper.cfbundle; includeInIndex = 0; path = JSONDownloadUITests.xctest; sourceTree = BUILT_PRODUCTS_DIR; };
		877B91E02591F6CA00D974C4 /* JSONDownloadUITests.swift */ = {isa = PBXFileReference; lastKnownFileType = sourcecode.swift; path = JSONDownloadUITests.swift; sourceTree = "<group>"; };
		877B91E22591F6CA00D974C4 /* Info.plist */ = {isa = PBXFileReference; lastKnownFileType = text.plist.xml; path = Info.plist; sourceTree = "<group>"; };
/* End PBXFileReference section */

/* Begin PBXFrameworksBuildPhase section */
		877B91B82591F6C700D974C4 /* Frameworks */ = {
			isa = PBXFrameworksBuildPhase;
			buildActionMask = 2147483647;
			files = (
			);
			runOnlyForDeploymentPostprocessing = 0;
		};
		877B91CE2591F6CA00D974C4 /* Frameworks */ = {
			isa = PBXFrameworksBuildPhase;
			buildActionMask = 2147483647;
			files = (
			);
			runOnlyForDeploymentPostprocessing = 0;
		};
		877B91D92591F6CA00D974C4 /* Frameworks */ = {
			isa = PBXFrameworksBuildPhase;
			buildActionMask = 2147483647;
			files = (
			);
			runOnlyForDeploymentPostprocessing = 0;
		};
/* End PBXFrameworksBuildPhase section */

/* Begin PBXGroup section */
		877B91B22591F6C700D974C4 = {
			isa = PBXGroup;
			children = (
				877B91BD2591F6C700D974C4 /* JSONDownload */,
				877B91D42591F6CA00D974C4 /* JSONDownloadTests */,
				877B91DF2591F6CA00D974C4 /* JSONDownloadUITests */,
				877B91BC2591F6C700D974C4 /* Products */,
			);
			sourceTree = "<group>";
		};
		877B91BC2591F6C700D974C4 /* Products */ = {
			isa = PBXGroup;
			children = (
				877B91BB2591F6C700D974C4 /* JSONDownload.app */,
				877B91D12591F6CA00D974C4 /* JSONDownloadTests.xctest */,
				877B91DC2591F6CA00D974C4 /* JSONDownloadUITests.xctest */,
			);
			name = Products;
			sourceTree = "<group>";
		};
		877B91BD2591F6C700D974C4 /* JSONDownload */ = {
			isa = PBXGroup;
			children = (
				877B91BE2591F6C700D974C4 /* AppDelegate.swift */,
				877B91C02591F6C700D974C4 /* SceneDelegate.swift */,
				877B91C22591F6C700D974C4 /* ViewController.swift */,
				877B91C42591F6C700D974C4 /* Main.storyboard */,
				877B91C72591F6CA00D974C4 /* Assets.xcassets */,
				877B91C92591F6CA00D974C4 /* LaunchScreen.storyboard */,
				877B91CC2591F6CA00D974C4 /* Info.plist */,
			);
			path = JSONDownload;
			sourceTree = "<group>";
		};
		877B91D42591F6CA00D974C4 /* JSONDownloadTests */ = {
			isa = PBXGroup;
			children = (
				877B91D52591F6CA00D974C4 /* JSONDownloadTests.swift */,
				877B91D72591F6CA00D974C4 /* Info.plist */,
			);
			path = JSONDownloadTests;
			sourceTree = "<group>";
		};
		877B91DF2591F6CA00D974C4 /* JSONDownloadUITests */ = {
			isa = PBXGroup;
			children = (
				877B91E02591F6CA00D974C4 /* JSONDownloadUITests.swift */,
				877B91E22591F6CA00D974C4 /* Info.plist */,
			);
			path = JSONDownloadUITests;
			sourceTree = "<group>";
		};
/* End PBXGroup section */

/* Begin PBXNativeTarget section */
		877B91BA2591F6C700D974C4 /* JSONDownload */ = {
			isa = PBXNativeTarget;
			buildConfigurationList = 877B91E52591F6CA00D974C4 /* Build configuration list for PBXNativeTarget "JSONDownload" */;
			buildPhases = (
				877B91B72591F6C700D974C4 /* Sources */,
				877B91B82591F6C700D974C4 /* Frameworks */,
				877B91B92591F6C700D974C4 /* Resources */,
			);
			buildRules = (
			);
			dependencies = (
			);
			name = JSONDownload;
			productName = JSONDownload;
			productReference = 877B91BB2591F6C700D974C4 /* JSONDownload.app */;
			productType = "com.apple.product-type.application";
		};
		877B91D02591F6CA00D974C4 /* JSONDownloadTests */ = {
			isa = PBXNativeTarget;
			buildConfigurationList = 877B91E82591F6CA00D974C4 /* Build configuration list for PBXNativeTarget "JSONDownloadTests" */;
			buildPhases = (
				877B91CD2591F6CA00D974C4 /* Sources */,
				877B91CE2591F6CA00D974C4 /* Frameworks */,
				877B91CF2591F6CA00D974C4 /* Resources */,
			);
			buildRules = (
			);
			dependencies = (
				877B91D32591F6CA00D974C4 /* PBXTargetDependency */,
			);
			name = JSONDownloadTests;
			productName = JSONDownloadTests;
			productReference = 877B91D12591F6CA00D974C4 /* JSONDownloadTests.xctest */;
			productType = "com.apple.product-type.bundle.unit-test";
		};
		877B91DB2591F6CA00D974C4 /* JSONDownloadUITests */ = {
			isa = PBXNativeTarget;
			buildConfigurationList = 877B91EB2591F6CA00D974C4 /* Build configuration list for PBXNativeTarget "JSONDownloadUITests" */;
			buildPhases = (
				877B91D82591F6CA00D974C4 /* Sources */,
				877B91D92591F6CA00D974C4 /* Frameworks */,
				877B91DA2591F6CA00D974C4 /* Resources */,
			);
			buildRules = (
			);
			dependencies = (
				877B91DE2591F6CA00D974C4 /* PBXTargetDependency */,
			);
			name = JSONDownloadUITests;
			productName = JSONDownloadUITests;
			productReference = 877B91DC2591F6CA00D974C4 /* JSONDownloadUITests.xctest */;
			productType = "com.apple.product-type.bundle.ui-testing";
		};
/* End PBXNativeTarget section */

/* Begin PBXProject section */
		877B91B32591F6C700D974C4 /* Project object */ = {
			isa = PBXProject;
			attributes = {
				LastSwiftUpdateCheck = 1220;
				LastUpgradeCheck = 1220;
				TargetAttributes = {
					877B91BA2591F6C700D974C4 = {
						CreatedOnToolsVersion = 12.2;
					};
					877B91D02591F6CA00D974C4 = {
						CreatedOnToolsVersion = 12.2;
						TestTargetID = 877B91BA2591F6C700D974C4;
					};
					877B91DB2591F6CA00D974C4 = {
						CreatedOnToolsVersion = 12.2;
						TestTargetID = 877B91BA2591F6C700D974C4;
					};
				};
			};
			buildConfigurationList = 877B91B62591F6C700D974C4 /* Build configuration list for PBXProject "JSONDownload" */;
			compatibilityVersion = "Xcode 9.3";
			developmentRegion = en;
			hasScannedForEncodings = 0;
			knownRegions = (
				en,
				Base,
			);
			mainGroup = 877B91B22591F6C700D974C4;
			productRefGroup = 877B91BC2591F6C700D974C4 /* Products */;
			projectDirPath = "";
			projectRoot = "";
			targets = (
				877B91BA2591F6C700D974C4 /* JSONDownload */,
				877B91D02591F6CA00D974C4 /* JSONDownloadTests */,
				877B91DB2591F6CA00D974C4 /* JSONDownloadUITests */,
			);
		};
/* End PBXProject section */

/* Begin PBXResourcesBuildPhase section */
		877B91B92591F6C700D974C4 /* Resources */ = {
			isa = PBXResourcesBuildPhase;
			buildActionMask = 2147483647;
			files = (
				877B91CB2591F6CA00D974C4 /* LaunchScreen.storyboard in Resources */,
				877B91C82591F6CA00D974C4 /* Assets.xcassets in Resources */,
				877B91C62591F6C700D974C4 /* Main.storyboard in Resources */,
			);
			runOnlyForDeploymentPostprocessing = 0;
		};
		877B91CF2591F6CA00D974C4 /* Resources */ = {
			isa = PBXResourcesBuildPhase;
			buildActionMask = 2147483647;
			files = (
			);
			runOnlyForDeploymentPostprocessing = 0;
		};
		877B91DA2591F6CA00D974C4 /* Resources */ = {
			isa = PBXResourcesBuildPhase;
			buildActionMask = 2147483647;
			files = (
			);
			runOnlyForDeploymentPostprocessing = 0;
		};
/* End PBXResourcesBuildPhase section */

/* Begin PBXSourcesBuildPhase section */
		877B91B72591F6C700D974C4 /* Sources */ = {
			isa = PBXSourcesBuildPhase;
			buildActionMask = 2147483647;
			files = (
				877B91C32591F6C700D974C4 /* ViewController.swift in Sources */,
				877B91BF2591F6C700D974C4 /* AppDelegate.swift in Sources */,
				877B91C12591F6C700D974C4 /* SceneDelegate.swift in Sources */,
			);
			runOnlyForDeploymentPostprocessing = 0;
		};
		877B91CD2591F6CA00D974C4 /* Sources */ = {
			isa = PBXSourcesBuildPhase;
			buildActionMask = 2147483647;
			files = (
				877B91D62591F6CA00D974C4 /* JSONDownloadTests.swift in Sources */,
			);
			runOnlyForDeploymentPostprocessing = 0;
		};
		877B91D82591F6CA00D974C4 /* Sources */ = {
			isa = PBXSourcesBuildPhase;
			buildActionMask = 2147483647;
			files = (
				877B91E12591F6CA00D974C4 /* JSONDownloadUITests.swift in Sources */,
			);
			runOnlyForDeploymentPostprocessing = 0;
		};
/* End PBXSourcesBuildPhase section */

/* Begin PBXTargetDependency section */
		877B91D32591F6CA00D974C4 /* PBXTargetDependency */ = {
			isa = PBXTargetDependency;
			target = 877B91BA2591F6C700D974C4 /* JSONDownload */;
			targetProxy = 877B91D22591F6CA00D974C4 /* PBXContainerItemProxy */;
		};
		877B91DE2591F6CA00D974C4 /* PBXTargetDependency */ = {
			isa = PBXTargetDependency;
			target = 877B91BA2591F6C700D974C4 /* JSONDownload */;
			targetProxy = 877B91DD2591F6CA00D974C4 /* PBXContainerItemProxy */;
		};
/* End PBXTargetDependency section */

/* Begin PBXVariantGroup section */
		877B91C42591F6C700D974C4 /* Main.storyboard */ = {
			isa = PBXVariantGroup;
			children = (
				877B91C52591F6C700D974C4 /* Base */,
			);
			name = Main.storyboard;
			sourceTree = "<group>";
		};
		877B91C92591F6CA00D974C4 /* LaunchScreen.storyboard */ = {
			isa = PBXVariantGroup;
			children = (
				877B91CA2591F6CA00D974C4 /* Base */,
			);
			name = LaunchScreen.storyboard;
			sourceTree = "<group>";
		};
/* End PBXVariantGroup section */

/* Begin XCBuildConfiguration section */
		877B91E32591F6CA00D974C4 /* Debug */ = {
			isa = XCBuildConfiguration;
			buildSettings = {
				ALWAYS_SEARCH_USER_PATHS = NO;
				CLANG_ANALYZER_NONNULL = YES;
				CLANG_ANALYZER_NUMBER_OBJECT_CONVERSION = YES_AGGRESSIVE;
				CLANG_CXX_LANGUAGE_STANDARD = "gnu++14";
				CLANG_CXX_LIBRARY = "libc++";
				CLANG_ENABLE_MODULES = YES;
				CLANG_ENABLE_OBJC_ARC = YES;
				CLANG_ENABLE_OBJC_WEAK = YES;
				CLANG_WARN_BLOCK_CAPTURE_AUTORELEASING = YES;
				CLANG_WARN_BOOL_CONVERSION = YES;
				CLANG_WARN_COMMA = YES;
				CLANG_WARN_CONSTANT_CONVERSION = YES;
				CLANG_WARN_DEPRECATED_OBJC_IMPLEMENTATIONS = YES;
				CLANG_WARN_DIRECT_OBJC_ISA_USAGE = YES_ERROR;
				CLANG_WARN_DOCUMENTATION_COMMENTS = YES;
				CLANG_WARN_EMPTY_BODY = YES;
				CLANG_WARN_ENUM_CONVERSION = YES;
				CLANG_WARN_INFINITE_RECURSION = YES;
				CLANG_WARN_INT_CONVERSION = YES;
				CLANG_WARN_NON_LITERAL_NULL_CONVERSION = YES;
				CLANG_WARN_OBJC_IMPLICIT_RETAIN_SELF = YES;
				CLANG_WARN_OBJC_LITERAL_CONVERSION = YES;
				CLANG_WARN_OBJC_ROOT_CLASS = YES_ERROR;
				CLANG_WARN_QUOTED_INCLUDE_IN_FRAMEWORK_HEADER = YES;
				CLANG_WARN_RANGE_LOOP_ANALYSIS = YES;
				CLANG_WARN_STRICT_PROTOTYPES = YES;
				CLANG_WARN_SUSPICIOUS_MOVE = YES;
				CLANG_WARN_UNGUARDED_AVAILABILITY = YES_AGGRESSIVE;
				CLANG_WARN_UNREACHABLE_CODE = YES;
				CLANG_WARN__DUPLICATE_METHOD_MATCH = YES;
				COPY_PHASE_STRIP = NO;
				DEBUG_INFORMATION_FORMAT = dwarf;
				ENABLE_STRICT_OBJC_MSGSEND = YES;
				ENABLE_TESTABILITY = YES;
				GCC_C_LANGUAGE_STANDARD = gnu11;
				GCC_DYNAMIC_NO_PIC = NO;
				GCC_NO_COMMON_BLOCKS = YES;
				GCC_OPTIMIZATION_LEVEL = 0;
				GCC_PREPROCESSOR_DEFINITIONS = (
					"DEBUG=1",
					"$(inherited)",
				);
				GCC_WARN_64_TO_32_BIT_CONVERSION = YES;
				GCC_WARN_ABOUT_RETURN_TYPE = YES_ERROR;
				GCC_WARN_UNDECLARED_SELECTOR = YES;
				GCC_WARN_UNINITIALIZED_AUTOS = YES_AGGRESSIVE;
				GCC_WARN_UNUSED_FUNCTION = YES;
				GCC_WARN_UNUSED_VARIABLE = YES;
				IPHONEOS_DEPLOYMENT_TARGET = 14.2;
				MTL_ENABLE_DEBUG_INFO = INCLUDE_SOURCE;
				MTL_FAST_MATH = YES;
				ONLY_ACTIVE_ARCH = YES;
				SDKROOT = iphoneos;
				SWIFT_ACTIVE_COMPILATION_CONDITIONS = DEBUG;
				SWIFT_OPTIMIZATION_LEVEL = "-Onone";
			};
			name = Debug;
		};
		877B91E42591F6CA00D974C4 /* Release */ = {
			isa = XCBuildConfiguration;
			buildSettings = {
				ALWAYS_SEARCH_USER_PATHS = NO;
				CLANG_ANALYZER_NONNULL = YES;
				CLANG_ANALYZER_NUMBER_OBJECT_CONVERSION = YES_AGGRESSIVE;
				CLANG_CXX_LANGUAGE_STANDARD = "gnu++14";
				CLANG_CXX_LIBRARY = "libc++";
				CLANG_ENABLE_MODULES = YES;
				CLANG_ENABLE_OBJC_ARC = YES;
				CLANG_ENABLE_OBJC_WEAK = YES;
				CLANG_WARN_BLOCK_CAPTURE_AUTORELEASING = YES;
				CLANG_WARN_BOOL_CONVERSION = YES;
				CLANG_WARN_COMMA = YES;
				CLANG_WARN_CONSTANT_CONVERSION = YES;
				CLANG_WARN_DEPRECATED_OBJC_IMPLEMENTATIONS = YES;
				CLANG_WARN_DIRECT_OBJC_ISA_USAGE = YES_ERROR;
				CLANG_WARN_DOCUMENTATION_COMMENTS = YES;
				CLANG_WARN_EMPTY_BODY = YES;
				CLANG_WARN_ENUM_CONVERSION = YES;
				CLANG_WARN_INFINITE_RECURSION = YES;
				CLANG_WARN_INT_CONVERSION = YES;
				CLANG_WARN_NON_LITERAL_NULL_CONVERSION = YES;
				CLANG_WARN_OBJC_IMPLICIT_RETAIN_SELF = YES;
				CLANG_WARN_OBJC_LITERAL_CONVERSION = YES;
				CLANG_WARN_OBJC_ROOT_CLASS = YES_ERROR;
				CLANG_WARN_QUOTED_INCLUDE_IN_FRAMEWORK_HEADER = YES;
				CLANG_WARN_RANGE_LOOP_ANALYSIS = YES;
				CLANG_WARN_STRICT_PROTOTYPES = YES;
				CLANG_WARN_SUSPICIOUS_MOVE = YES;
				CLANG_WARN_UNGUARDED_AVAILABILITY = YES_AGGRESSIVE;
				CLANG_WARN_UNREACHABLE_CODE = YES;
				CLANG_WARN__DUPLICATE_METHOD_MATCH = YES;
				COPY_PHASE_STRIP = NO;
				DEBUG_INFORMATION_FORMAT = "dwarf-with-dsym";
				ENABLE_NS_ASSERTIONS = NO;
				ENABLE_STRICT_OBJC_MSGSEND = YES;
				GCC_C_LANGUAGE_STANDARD = gnu11;
				GCC_NO_COMMON_BLOCKS = YES;
				GCC_WARN_64_TO_32_BIT_CONVERSION = YES;
				GCC_WARN_ABOUT_RETURN_TYPE = YES_ERROR;
				GCC_WARN_UNDECLARED_SELECTOR = YES;
				GCC_WARN_UNINITIALIZED_AUTOS = YES_AGGRESSIVE;
				GCC_WARN_UNUSED_FUNCTION = YES;
				GCC_WARN_UNUSED_VARIABLE = YES;
				IPHONEOS_DEPLOYMENT_TARGET = 14.2;
				MTL_ENABLE_DEBUG_INFO = NO;
				MTL_FAST_MATH = YES;
				SDKROOT = iphoneos;
				SWIFT_COMPILATION_MODE = wholemodule;
				SWIFT_OPTIMIZATION_LEVEL = "-O";
				VALIDATE_PRODUCT = YES;
			};
			name = Release;
		};
		877B91E62591F6CA00D974C4 /* Debug */ = {
			isa = XCBuildConfiguration;
			buildSettings = {
				ASSETCATALOG_COMPILER_APPICON_NAME = AppIcon;
				ASSETCATALOG_COMPILER_GLOBAL_ACCENT_COLOR_NAME = AccentColor;
				CODE_SIGN_STYLE = Automatic;
				INFOPLIST_FILE = JSONDownload/Info.plist;
				LD_RUNPATH_SEARCH_PATHS = (
					"$(inherited)",
					"@executable_path/Frameworks",
				);
				PRODUCT_BUNDLE_IDENTIFIER = com.debbb.JSONDownload;
				PRODUCT_NAME = "$(TARGET_NAME)";
				SWIFT_VERSION = 5.0;
				TARGETED_DEVICE_FAMILY = "1,2";
			};
			name = Debug;
		};
		877B91E72591F6CA00D974C4 /* Release */ = {
			isa = XCBuildConfiguration;
			buildSettings = {
				ASSETCATALOG_COMPILER_APPICON_NAME = AppIcon;
				ASSETCATALOG_COMPILER_GLOBAL_ACCENT_COLOR_NAME = AccentColor;
				CODE_SIGN_STYLE = Automatic;
				INFOPLIST_FILE = JSONDownload/Info.plist;
				LD_RUNPATH_SEARCH_PATHS = (
					"$(inherited)",
					"@executable_path/Frameworks",
				);
				PRODUCT_BUNDLE_IDENTIFIER = com.debbb.JSONDownload;
				PRODUCT_NAME = "$(TARGET_NAME)";
				SWIFT_VERSION = 5.0;
				TARGETED_DEVICE_FAMILY = "1,2";
			};
			name = Release;
		};
		877B91E92591F6CA00D974C4 /* Debug */ = {
			isa = XCBuildConfiguration;
			buildSettings = {
				ALWAYS_EMBED_SWIFT_STANDARD_LIBRARIES = YES;
				BUNDLE_LOADER = "$(TEST_HOST)";
				CODE_SIGN_STYLE = Automatic;
				INFOPLIST_FILE = JSONDownloadTests/Info.plist;
				IPHONEOS_DEPLOYMENT_TARGET = 14.2;
				LD_RUNPATH_SEARCH_PATHS = (
					"$(inherited)",
					"@executable_path/Frameworks",
					"@loader_path/Frameworks",
				);
				PRODUCT_BUNDLE_IDENTIFIER = com.debbb.JSONDownloadTests;
				PRODUCT_NAME = "$(TARGET_NAME)";
				SWIFT_VERSION = 5.0;
				TARGETED_DEVICE_FAMILY = "1,2";
				TEST_HOST = "$(BUILT_PRODUCTS_DIR)/JSONDownload.app/JSONDownload";
			};
			name = Debug;
		};
		877B91EA2591F6CA00D974C4 /* Release */ = {
			isa = XCBuildConfiguration;
			buildSettings = {
				ALWAYS_EMBED_SWIFT_STANDARD_LIBRARIES = YES;
				BUNDLE_LOADER = "$(TEST_HOST)";
				CODE_SIGN_STYLE = Automatic;
				INFOPLIST_FILE = JSONDownloadTests/Info.plist;
				IPHONEOS_DEPLOYMENT_TARGET = 14.2;
				LD_RUNPATH_SEARCH_PATHS = (
					"$(inherited)",
					"@executable_path/Frameworks",
					"@loader_path/Frameworks",
				);
				PRODUCT_BUNDLE_IDENTIFIER = com.debbb.JSONDownloadTests;
				PRODUCT_NAME = "$(TARGET_NAME)";
				SWIFT_VERSION = 5.0;
				TARGETED_DEVICE_FAMILY = "1,2";
				TEST_HOST = "$(BUILT_PRODUCTS_DIR)/JSONDownload.app/JSONDownload";
			};
			name = Release;
		};
		877B91EC2591F6CA00D974C4 /* Debug */ = {
			isa = XCBuildConfiguration;
			buildSettings = {
				ALWAYS_EMBED_SWIFT_STANDARD_LIBRARIES = YES;
				CODE_SIGN_STYLE = Automatic;
				INFOPLIST_FILE = JSONDownloadUITests/Info.plist;
				LD_RUNPATH_SEARCH_PATHS = (
					"$(inherited)",
					"@executable_path/Frameworks",
					"@loader_path/Frameworks",
				);
				PRODUCT_BUNDLE_IDENTIFIER = com.debbb.JSONDownloadUITests;
				PRODUCT_NAME = "$(TARGET_NAME)";
				SWIFT_VERSION = 5.0;
				TARGETED_DEVICE_FAMILY = "1,2";
				TEST_TARGET_NAME = JSONDownload;
			};
			name = Debug;
		};
		877B91ED2591F6CA00D974C4 /* Release */ = {
			isa = XCBuildConfiguration;
			buildSettings = {
				ALWAYS_EMBED_SWIFT_STANDARD_LIBRARIES = YES;
				CODE_SIGN_STYLE = Automatic;
				INFOPLIST_FILE = JSONDownloadUITests/Info.plist;
				LD_RUNPATH_SEARCH_PATHS = (
					"$(inherited)",
					"@executable_path/Frameworks",
					"@loader_path/Frameworks",
				);
				PRODUCT_BUNDLE_IDENTIFIER = com.debbb.JSONDownloadUITests;
				PRODUCT_NAME = "$(TARGET_NAME)";
				SWIFT_VERSION = 5.0;
				TARGETED_DEVICE_FAMILY = "1,2";
				TEST_TARGET_NAME = JSONDownload;
			};
			name = Release;
		};
/* End XCBuildConfiguration section */

/* Begin XCConfigurationList section */
		877B91B62591F6C700D974C4 /* Build configuration list for PBXProject "JSONDownload" */ = {
			isa = XCConfigurationList;
			buildConfigurations = (
				877B91E32591F6CA00D974C4 /* Debug */,
				877B91E42591F6CA00D974C4 /* Release */,
			);
			defaultConfigurationIsVisible = 0;
			defaultConfigurationName = Release;
		};
		877B91E52591F6CA00D974C4 /* Build configuration list for PBXNativeTarget "JSONDownload" */ = {
			isa = XCConfigurationList;
			buildConfigurations = (
				877B91E62591F6CA00D974C4 /* Debug */,
				877B91E72591F6CA00D974C4 /* Release */,
			);
			defaultConfigurationIsVisible = 0;
			defaultConfigurationName = Release;
		};
		877B91E82591F6CA00D974C4 /* Build configuration list for PBXNativeTarget "JSONDownloadTests" */ = {
			isa = XCConfigurationList;
			buildConfigurations = (
				877B91E92591F6CA00D974C4 /* Debug */,
				877B91EA2591F6CA00D974C4 /* Release */,
			);
			defaultConfigurationIsVisible = 0;
			defaultConfigurationName = Release;
		};
		877B91EB2591F6CA00D974C4 /* Build configuration list for PBXNativeTarget "JSONDownloadUITests" */ = {
			isa = XCConfigurationList;
			buildConfigurations = (
				877B91EC2591F6CA00D974C4 /* Debug */,
				877B91ED2591F6CA00D974C4 /* Release */,
			);
			defaultConfigurationIsVisible = 0;
			defaultConfigurationName = Release;
		};
/* End XCConfigurationList section */
	};
	rootObject = 877B91B32591F6C700D974C4 /* Project object */;
}
